
Microsoft Visual Studio Solution File, Format Version 12.00
# Visual Studio Version 17
VisualStudioVersion = 17.11.35303.130
MinimumVisualStudioVersion = 10.0.40219.1
Project("{FAE04EC0-301F-11D3-BF4B-00C04F79EFBC}") = "TextEditor", "TextEditor\TextEditor.csproj", "{640C35C2-842C-4D13-B16B-2892452956DF}"
EndProject
Global
	GlobalSection(SolutionConfigurationPlatforms) = preSolution
		Debug|Any CPU = Debug|Any CPU
		Release|Any CPU = Release|Any CPU
	EndGlobalSection
	GlobalSection(ProjectConfigurationPlatforms) = postSolution
		{640C35C2-842C-4D13-B16B-2892452956DF}.Debug|Any CPU.ActiveCfg = Debug|Any CPU
		{640C35C2-842C-4D13-B16B-2892452956DF}.Debug|Any CPU.Build.0 = Debug|Any CPU
		{640C35C2-842C-4D13-B16B-2892452956DF}.Release|Any CPU.ActiveCfg = Release|Any CPU
		{640C35C2-842C-4D13-B16B-2892452956DF}.Release|Any CPU.Build.0 = Release|Any CPU
	EndGlobalSection
	GlobalSection(SolutionProperties) = preSolution
		HideSolutionNode = FALSE
	EndGlobalSection
	GlobalSection(ExtensibilityGlobals) = postSolution
		SolutionGuid = {2438C669-9AAD-4A81-BA7B-04B4A0DE0CEB}
	EndGlobalSection
EndGlobal
